
Microsoft Visual Studio Solution File, Format Version 11.00
# Visual Studio 2010
Project("{FAE04EC0-301F-11D3-BF4B-00C04F79EFBC}") = "Prototype2", "Prototype2\Prototype2\Prototype2.csproj", "{EC600DB2-A666-4A95-9380-B35157D81522}"
EndProject
Project("{96E2B04D-8817-42C6-938A-82C39BA4D311}") = "Prototype2Content", "Prototype2\Prototype2Content\Prototype2Content.contentproj", "{D7F582F9-00D1-4310-84B8-2184380960CE}"
EndProject
Global
	GlobalSection(SolutionConfigurationPlatforms) = preSolution
		Debug|Xbox 360 = Debug|Xbox 360
		Release|Xbox 360 = Release|Xbox 360
	EndGlobalSection
	GlobalSection(ProjectConfigurationPlatforms) = postSolution
		{EC600DB2-A666-4A95-9380-B35157D81522}.Debug|Xbox 360.ActiveCfg = Debug|Xbox 360
		{EC600DB2-A666-4A95-9380-B35157D81522}.Debug|Xbox 360.Build.0 = Debug|Xbox 360
		{EC600DB2-A666-4A95-9380-B35157D81522}.Debug|Xbox 360.Deploy.0 = Debug|Xbox 360
		{EC600DB2-A666-4A95-9380-B35157D81522}.Release|Xbox 360.ActiveCfg = Release|Xbox 360
		{EC600DB2-A666-4A95-9380-B35157D81522}.Release|Xbox 360.Build.0 = Release|Xbox 360
		{EC600DB2-A666-4A95-9380-B35157D81522}.Release|Xbox 360.Deploy.0 = Release|Xbox 360
		{D7F582F9-00D1-4310-84B8-2184380960CE}.Debug|Xbox 360.ActiveCfg = Debug|Xbox 360
		{D7F582F9-00D1-4310-84B8-2184380960CE}.Release|Xbox 360.ActiveCfg = Release|Xbox 360
	EndGlobalSection
	GlobalSection(SolutionProperties) = preSolution
		HideSolutionNode = FALSE
	EndGlobalSection
EndGlobal
